{
  "name": "@cs/source",
  "version": "0.0.1",
  "lockfileVersion": 3,
  "requires": true,
  "packages": {
    "": {
      "name": "@cs/source",
      "version": "0.0.1",
      "license": "MIT",
      "workspaces": [
        "packages/common",
        "packages/backend"
      ]
    },
    "node_modules/@cs/backend": {
      "resolved": "packages/backend",
      "link": true
    },
    "node_modules/@cs/common": {
      "resolved": "packages/common",
      "link": true
    },
    "packages/backend": {
      "name": "@cs/backend",
      "version": "0.0.1",
      "license": "MIT",
      "dependencies": {
        "@cs/common": "*"
      }
    },
    "packages/common": {
      "name": "@cs/common",
      "version": "0.0.1",
      "license": "MIT"
    }
  }
}
